<?xml version="1.0" encoding="utf-8"?>
<Project ToolsVersion="4.0" xmlns="http://schemas.microsoft.com/developer/msbuild/2003">
  <ItemGroup>
    <Filter Include="Source Files">
      <UniqueIdentifier>{4FC737F1-C7A5-4376-A066-2A32D752A2FF}</UniqueIdentifier>
      <Extensions>cpp;c;cc;cxx;c++;cppm;ixx;def;odl;idl;hpj;bat;asm;asmx</Extensions>
    </Filter>
    <Filter Include="header">
      <UniqueIdentifier>{3d541ef7-22c0-4174-a842-5a66cebfa733}</UniqueIdentifier>
    </Filter>
    <Filter Include="Engine">
      <UniqueIdentifier>{2c34a213-c220-4b5d-9fa4-47a32d219f2d}</UniqueIdentifier>
    </Filter>
  </ItemGroup>
  <ItemGroup>
    <ClCompile Include="Main.cpp">
      <Filter>Source Files</Filter>
    </ClCompile>
    <ClCompile Include="Header\sqlite3.c">
      <Filter>Source Files</Filter>
    </ClCompile>
  </ItemGroup>
  <ItemGroup>
    <None Include="packages.config" />
  </ItemGroup>
  <ItemGroup>
    <ClInclude Include="Header\functionSQL.h">
      <Filter>header</Filter>
    </ClInclude>
    <ClInclude Include="Header\g_class.h">
      <Filter>header</Filter>
    </ClInclude>
    <ClInclude Include="Header\libraryFun.h">
      <Filter>header</Filter>
    </ClInclude>
    <ClInclude Include="Header\openGL.h">
      <Filter>header</Filter>
    </ClInclude>
  </ItemGroup>
  <ItemGroup>
    <Library Include="freeglut\lib\freeglut.lib">
      <Filter>Source Files</Filter>
    </Library>
  </ItemGroup>
</Project>